{
  "name": "@nuttyputty/advent",
  "version": "2.0.11",
  "lockfileVersion": 1,
  "requires": true,
  "dependencies": {
    "@nuttyputty/advent-memory": {
      "version": "2.0.6",
      "resolved": "https://registry.npmjs.org/@nuttyputty/advent-memory/-/advent-memory-2.0.6.tgz",
      "integrity": "sha512-AMH+ya+MI7df6w2hK43qrlPGk2WJ0FZP3Bn/vdHAiwNqrlYOKuYR+ftEvf7x6TQIpLjpfc/LfreWn++hBZZHDw=="
    },
    "lodash.isplainobject": {
      "version": "4.0.6",
      "resolved": "https://registry.npmjs.org/lodash.isplainobject/-/lodash.isplainobject-4.0.6.tgz",
      "integrity": "sha1-fFJqUtibRcRcxpC4gWO+BJf1UMs="
    },
    "uuid": {
      "version": "3.4.0",
      "resolved": "https://registry.npmjs.org/uuid/-/uuid-3.4.0.tgz",
      "integrity": "sha512-HjSDRw6gZE5JMggctHBcjVak08+KEVhSIiDzFnT9S9aegmp85S/bReBVTb4QTFaRNptJ9kuYaNhnbNEOkbKb/A=="
    }
  }
}
